
Microsoft Visual Studio Solution File, Format Version 12.00
# Visual Studio 14
VisualStudioVersion = 14.0.25420.1
MinimumVisualStudioVersion = 10.0.40219.1
Project("{FAE04EC0-301F-11D3-BF4B-00C04F79EFBC}") = "Board.Model", "Board.Model\Board.Model.csproj", "{842C126B-B142-4619-8023-9FC027CCB77D}"
EndProject
Project("{FAE04EC0-301F-11D3-BF4B-00C04F79EFBC}") = "Board.Repository", "Board.Repository\Board.Repository.csproj", "{2EA91BD4-E6E4-4DDA-8B6E-F1D9A8F6E299}"
EndProject
Global
	GlobalSection(SolutionConfigurationPlatforms) = preSolution
		Debug|Any CPU = Debug|Any CPU
		Release|Any CPU = Release|Any CPU
	EndGlobalSection
	GlobalSection(ProjectConfigurationPlatforms) = postSolution
		{842C126B-B142-4619-8023-9FC027CCB77D}.Debug|Any CPU.ActiveCfg = Debug|Any CPU
		{842C126B-B142-4619-8023-9FC027CCB77D}.Debug|Any CPU.Build.0 = Debug|Any CPU
		{842C126B-B142-4619-8023-9FC027CCB77D}.Release|Any CPU.ActiveCfg = Release|Any CPU
		{842C126B-B142-4619-8023-9FC027CCB77D}.Release|Any CPU.Build.0 = Release|Any CPU
		{2EA91BD4-E6E4-4DDA-8B6E-F1D9A8F6E299}.Debug|Any CPU.ActiveCfg = Debug|Any CPU
		{2EA91BD4-E6E4-4DDA-8B6E-F1D9A8F6E299}.Debug|Any CPU.Build.0 = Debug|Any CPU
		{2EA91BD4-E6E4-4DDA-8B6E-F1D9A8F6E299}.Release|Any CPU.ActiveCfg = Release|Any CPU
		{2EA91BD4-E6E4-4DDA-8B6E-F1D9A8F6E299}.Release|Any CPU.Build.0 = Release|Any CPU
	EndGlobalSection
	GlobalSection(SolutionProperties) = preSolution
		HideSolutionNode = FALSE
	EndGlobalSection
EndGlobal
